<?xml version="1.0" encoding="UTF-8" standalone="yes" ?>
<CodeBlocks_project_file>
	<FileVersion major="1" minor="6" />
	<Project>
		<Option title="zdict" />
		<Option pch_mode="2" />
		<Option compiler="gcc" />
		<Build>
			<Target title="Debug">
				<Option output="bin/Debug/zdict" prefix_auto="1" extension_auto="1" />
				<Option object_output="obj/Debug/" />
				<Option type="1" />
				<Option compiler="gcc" />
				<Compiler>
					<Add option="-g" />
				</Compiler>
			</Target>
			<Target title="Release">
				<Option output="bin/Release/zdict" prefix_auto="1" extension_auto="1" />
				<Option object_output="obj/Release/" />
				<Option type="0" />
				<Option compiler="gcc" />
				<Compiler>
					<Add option="-O2" />
				</Compiler>
				<Linker>
					<Add option="-s" />
				</Linker>
			</Target>
		</Build>
		<Compiler>
			<Add option="-Wall" />
			<Add option="`pkg-config gtk+-3.0 --cflags`" />
		</Compiler>
		<Linker>
			<Add option="`pkg-config gtk+-3.0 --libs`" />
		</Linker>
		<Unit filename="Makefile" />
		<Unit filename="about.c">
			<Option compilerVar="CC" />
		</Unit>
		<Unit filename="changelog.txt" />
		<Unit filename="edict.txt" />
		<Unit filename="edict_license.txt" />
		<Unit filename="edict_r.txt" />
		<Unit filename="en.h" />
		<Unit filename="ja.h" />
		<Unit filename="license.txt" />
		<Unit filename="main.c">
			<Option compilerVar="CC" />
		</Unit>
		<Unit filename="main.h" />
		<Unit filename="readme.txt" />
		<Unit filename="zdict.c">
			<Option compilerVar="CC" />
		</Unit>
		<Unit filename="zdict_gui.c">
			<Option compilerVar="CC" />
		</Unit>
		<Extensions>
			<code_completion />
			<debugger />
		</Extensions>
	</Project>
</CodeBlocks_project_file>
